<?xml version="1.0" encoding="utf-8"?>
<Project ToolsVersion="4.0" xmlns="http://schemas.microsoft.com/developer/msbuild/2003">
  <ItemGroup>
    <Filter Include="源文件">
      <UniqueIdentifier>{4FC737F1-C7A5-4376-A066-2A32D752A2FF}</UniqueIdentifier>
      <Extensions>cpp;c;cc;cxx;def;odl;idl;hpj;bat;asm;asmx</Extensions>
    </Filter>
    <Filter Include="资源文件">
      <UniqueIdentifier>{67DA6AB6-F800-4c08-8B7A-83BB121AAD01}</UniqueIdentifier>
      <Extensions>rc;ico;cur;bmp;dlg;rc2;rct;bin;rgs;gif;jpg;jpeg;jpe;resx;tiff;tif;png;wav;mfcribbon-ms</Extensions>
    </Filter>
    <Filter Include="NetModel">
      <UniqueIdentifier>{a176d691-cbc2-4aac-8050-aa8d31806248}</UniqueIdentifier>
    </Filter>
    <Filter Include="Data">
      <UniqueIdentifier>{66b9e47f-a84a-42ff-b963-63ee536eccfe}</UniqueIdentifier>
    </Filter>
  </ItemGroup>
  <ItemGroup>
    <Text Include="ReadMe.txt" />
  </ItemGroup>
  <ItemGroup>
    <ClInclude Include="NetModel\server.hpp">
      <Filter>NetModel</Filter>
    </ClInclude>
    <ClInclude Include="NetModel\connection_manager.hpp">
      <Filter>NetModel</Filter>
    </ClInclude>
    <ClInclude Include="NetModel\connection.hpp">
      <Filter>NetModel</Filter>
    </ClInclude>
    <ClInclude Include="NetModel\header.hpp">
      <Filter>NetModel</Filter>
    </ClInclude>
    <ClInclude Include="NetModel\mime_types.hpp">
      <Filter>NetModel</Filter>
    </ClInclude>
    <ClInclude Include="NetModel\reply.hpp">
      <Filter>NetModel</Filter>
    </ClInclude>
    <ClInclude Include="NetModel\request.hpp">
      <Filter>NetModel</Filter>
    </ClInclude>
    <ClInclude Include="NetModel\request_handler.hpp">
      <Filter>NetModel</Filter>
    </ClInclude>
    <ClInclude Include="NetModel\request_parser.hpp">
      <Filter>NetModel</Filter>
    </ClInclude>
  </ItemGroup>
  <ItemGroup>
    <ClCompile Include="twinkleserver.cpp">
      <Filter>源文件</Filter>
    </ClCompile>
    <ClCompile Include="NetModel\server.cpp">
      <Filter>NetModel</Filter>
    </ClCompile>
    <ClCompile Include="NetModel\connection.cpp">
      <Filter>NetModel</Filter>
    </ClCompile>
    <ClCompile Include="NetModel\connection_manager.cpp">
      <Filter>NetModel</Filter>
    </ClCompile>
    <ClCompile Include="NetModel\mime_types.cpp">
      <Filter>NetModel</Filter>
    </ClCompile>
    <ClCompile Include="NetModel\reply.cpp">
      <Filter>NetModel</Filter>
    </ClCompile>
    <ClCompile Include="NetModel\request_handler.cpp">
      <Filter>NetModel</Filter>
    </ClCompile>
    <ClCompile Include="NetModel\request_parser.cpp">
      <Filter>NetModel</Filter>
    </ClCompile>
  </ItemGroup>
</Project>